schema: '2.0'
stages:
  dataingestion:
    cmd: python src/dataingestion.py
    deps:
    - path: src/dataingestion.py
      hash: md5
      md5: 2fc9603bbec857c85cf838c7b9b44b23
      size: 1048
    params:
      params.yaml:
        dataingestion.test_size: 0.3
    outs:
    - path: data/raw
      hash: md5
      md5: 03b3b604b1f92a17191a7fc947e576d6.dir
      size: 827973
      nfiles: 2
  data_preprocessing:
    cmd: python src/datapreprocessing.py
    deps:
    - path: data/raw
      hash: md5
      md5: 03b3b604b1f92a17191a7fc947e576d6.dir
      size: 827973
      nfiles: 2
    - path: src/datapreprocessing.py
      hash: md5
      md5: 2e944d269d8bb9830c0cf68d2be112a5
      size: 1121
    outs:
    - path: data/preprocessed
      hash: md5
      md5: 912ee0c725e3847bf7162dd509ce03a2.dir
      size: 523463
      nfiles: 2
  FeatureEngineering:
    cmd: python src/featureEngineering.py
    deps:
    - path: data/preprocessed
      hash: md5
      md5: 912ee0c725e3847bf7162dd509ce03a2.dir
      size: 523463
      nfiles: 2
    - path: src/featureEngineering.py
      hash: md5
      md5: 8ff080b4f057dc84ca81952b8677d2fd
      size: 1004
    outs:
    - path: data/Featurestored
      hash: md5
      md5: d4c205ed183019aa445f187b4b00fb1e.dir
      size: 373855856
      nfiles: 2
  model_building:
    cmd: python src/modelBuilding.py
    deps:
    - path: data/Featurestored
      hash: md5
      md5: d4c205ed183019aa445f187b4b00fb1e.dir
      size: 373855856
      nfiles: 2
    - path: src/modelBuilding.py
      hash: md5
      md5: 9b0acc0c1fc7f83b5cb08870c37f49de
      size: 546
    params:
      params.yaml:
        ModelBuilding.n_estimators: 50
    outs:
    - path: model.pkl
      hash: md5
      md5: fe71c6a010cad06aa787720289a59954
      size: 67952
  model_evaluation:
    cmd: python src/model_evaluation.py
    deps:
    - path: data/featurestored/testBow.csv
      hash: md5
      md5: 11d94ef0c50d1c1d9084157fca0da91d
      size: 186927928
    - path: model.pkl
      hash: md5
      md5: fe71c6a010cad06aa787720289a59954
      size: 67952
    - path: src/model_evaluation.py
      hash: md5
      md5: 6be4725e117c130646882e1818759da0
      size: 1159
    outs:
    - path: metrics.json
      hash: md5
      md5: 18e87116191280f69632574a5bbcbf61
      size: 112
